schema: '2.0'
stages:
  data_ingestion:
    cmd: python -m chest_cancer_classification.pipeline.stage_01_data_ingestion
    deps:
    - path: config/config.yaml
      hash: md5
      md5: 30037ae78ef9e324dc18f45583670edc
      size: 678
    - path: src/chest_cancer_classification/pipeline/stage_01_data_ingestion.py
      hash: md5
      md5: 7910300cc5d64e39c0186916516459c0
      size: 966
    outs:
    - path: artifacts/data_ingestion/Chest-CT-Scan-data
      hash: md5
      md5: 904fa45d934ce879b3b1933dca6cb2f1.dir
      size: 49247431
      nfiles: 343
  prepare_base_model:
    cmd: python -m chest_cancer_classification.pipeline.stage_02_prepare_base_model
    deps:
    - path: config/config.yaml
      hash: md5
      md5: 30037ae78ef9e324dc18f45583670edc
      size: 678
    - path: src/chest_cancer_classification/pipeline/stage_02_prepare_base_model.py
      hash: md5
      md5: 8efd70c14ae9536d94b2522bb0b8fc89
      size: 1051
    params:
      params.yaml:
        CLASSES: 2
        IMAGE_SIZE:
        - 224
        - 224
        - 3
        INCLUDE_TOP: false
        LEARNING_RATE: 0.01
        WEIGHTS: imagenet
    outs:
    - path: artifacts/prepare_base_model
      hash: md5
      md5: 164847be34b0b3546e47a7fbd796c9a4.dir
      size: 118054560
      nfiles: 2
  training:
    cmd: python -m chest_cancer_classification.pipeline.stage_03_model_trainer
    deps:
    - path: artifacts/data_ingestion/Chest-CT-Scan-data
      hash: md5
      md5: 904fa45d934ce879b3b1933dca6cb2f1.dir
      size: 49247431
      nfiles: 343
    - path: artifacts/prepare_base_model
      hash: md5
      md5: 164847be34b0b3546e47a7fbd796c9a4.dir
      size: 118054560
      nfiles: 2
    - path: config/config.yaml
      hash: md5
      md5: 30037ae78ef9e324dc18f45583670edc
      size: 678
    - path: src/chest_cancer_classification/pipeline/stage_03_model_trainer.py
      hash: md5
      md5: 9ac1da54883a4d501eac85dfb24f920a
      size: 980
    params:
      params.yaml:
        AUGMENTATION: true
        BATCH_SIZE: 16
        EPOCHS: 1
        IMAGE_SIZE:
        - 224
        - 224
        - 3
    outs:
    - path: artifacts/training/model.h5
      hash: md5
      md5: 7226994eb6905ab64267e2eccb4cdddd
      size: 59337520
  evaluation:
    cmd: python -m chest_cancer_classification.pipeline.stage_04_model_evaluation
    deps:
    - path: artifacts/data_ingestion/Chest-CT-Scan-data
      hash: md5
      md5: 904fa45d934ce879b3b1933dca6cb2f1.dir
      size: 49247431
      nfiles: 343
    - path: artifacts/training/model.h5
      hash: md5
      md5: 7226994eb6905ab64267e2eccb4cdddd
      size: 59337520
    - path: config/config.yaml
      hash: md5
      md5: 30037ae78ef9e324dc18f45583670edc
      size: 678
    - path: src/chest_cancer_classification/pipeline/stage_04_model_evaluation.py
      hash: md5
      md5: bb96e6c922c01a92b37f1058df222128
      size: 991
    params:
      params.yaml:
        BATCH_SIZE: 16
        IMAGE_SIZE:
        - 224
        - 224
        - 3
    outs:
    - path: scores.json
      hash: md5
      md5: 3378a3a7fe8291c6ed166234c6b72550
      size: 73
